// !$*UTF8*$!
{
	archiveVersion = 1;
	classes = {
	};
	objectVersion = 56;
	objects = {

/* Begin PBXBuildFile section */
		64183BC82A0AF11400F9A3C0 /* main.swift in Sources */ = {isa = PBXBuildFile; fileRef = 64183BC72A0AF11400F9A3C0 /* main.swift */; };
		64AE55072A0EEF5C009D7C09 /* Task.swift in Sources */ = {isa = PBXBuildFile; fileRef = 64AE55062A0EEF5C009D7C09 /* Task.swift */; };
		64AE55092A0EEFDF009D7C09 /* BancoDeDados.swift in Sources */ = {isa = PBXBuildFile; fileRef = 64AE55082A0EEFDF009D7C09 /* BancoDeDados.swift */; };
		64AE550B2A0EF009009D7C09 /* TaskList.swift in Sources */ = {isa = PBXBuildFile; fileRef = 64AE550A2A0EF009009D7C09 /* TaskList.swift */; };
		64AE550D2A0EF026009D7C09 /* Interface.swift in Sources */ = {isa = PBXBuildFile; fileRef = 64AE550C2A0EF026009D7C09 /* Interface.swift */; };
/* End PBXBuildFile section */

/* Begin PBXCopyFilesBuildPhase section */
		64183BC22A0AF11400F9A3C0 /* CopyFiles */ = {
			isa = PBXCopyFilesBuildPhase;
			buildActionMask = 2147483647;
			dstPath = /usr/share/man/man1/;
			dstSubfolderSpec = 0;
			files = (
			);
			runOnlyForDeploymentPostprocessing = 1;
		};
/* End PBXCopyFilesBuildPhase section */

/* Begin PBXFileReference section */
		64183BC42A0AF11400F9A3C0 /* taskManeger */ = {isa = PBXFileReference; explicitFileType = "compiled.mach-o.executable"; includeInIndex = 0; path = taskManeger; sourceTree = BUILT_PRODUCTS_DIR; };
		64183BC72A0AF11400F9A3C0 /* main.swift */ = {isa = PBXFileReference; lastKnownFileType = sourcecode.swift; path = main.swift; sourceTree = "<group>"; };
		64AE55062A0EEF5C009D7C09 /* Task.swift */ = {isa = PBXFileReference; lastKnownFileType = sourcecode.swift; path = Task.swift; sourceTree = "<group>"; };
		64AE55082A0EEFDF009D7C09 /* BancoDeDados.swift */ = {isa = PBXFileReference; lastKnownFileType = sourcecode.swift; path = BancoDeDados.swift; sourceTree = "<group>"; };
		64AE550A2A0EF009009D7C09 /* TaskList.swift */ = {isa = PBXFileReference; lastKnownFileType = sourcecode.swift; path = TaskList.swift; sourceTree = "<group>"; };
		64AE550C2A0EF026009D7C09 /* Interface.swift */ = {isa = PBXFileReference; lastKnownFileType = sourcecode.swift; path = Interface.swift; sourceTree = "<group>"; };
/* End PBXFileReference section */

/* Begin PBXFrameworksBuildPhase section */
		64183BC12A0AF11400F9A3C0 /* Frameworks */ = {
			isa = PBXFrameworksBuildPhase;
			buildActionMask = 2147483647;
			files = (
			);
			runOnlyForDeploymentPostprocessing = 0;
		};
/* End PBXFrameworksBuildPhase section */

/* Begin PBXGroup section */
		64183BBB2A0AF11400F9A3C0 = {
			isa = PBXGroup;
			children = (
				64183BC62A0AF11400F9A3C0 /* taskManeger */,
				64183BC52A0AF11400F9A3C0 /* Products */,
			);
			sourceTree = "<group>";
		};
		64183BC52A0AF11400F9A3C0 /* Products */ = {
			isa = PBXGroup;
			children = (
				64183BC42A0AF11400F9A3C0 /* taskManeger */,
			);
			name = Products;
			sourceTree = "<group>";
		};
		64183BC62A0AF11400F9A3C0 /* taskManeger */ = {
			isa = PBXGroup;
			children = (
				64AE550A2A0EF009009D7C09 /* TaskList.swift */,
				64AE55082A0EEFDF009D7C09 /* BancoDeDados.swift */,
				64183BC72A0AF11400F9A3C0 /* main.swift */,
				64AE55062A0EEF5C009D7C09 /* Task.swift */,
				64AE550C2A0EF026009D7C09 /* Interface.swift */,
			);
			path = taskManeger;
			sourceTree = "<group>";
		};
/* End PBXGroup section */

/* Begin PBXNativeTarget section */
		64183BC32A0AF11400F9A3C0 /* taskManeger */ = {
			isa = PBXNativeTarget;
			buildConfigurationList = 64183BCB2A0AF11400F9A3C0 /* Build configuration list for PBXNativeTarget "taskManeger" */;
			buildPhases = (
				64183BC02A0AF11400F9A3C0 /* Sources */,
				64183BC12A0AF11400F9A3C0 /* Frameworks */,
				64183BC22A0AF11400F9A3C0 /* CopyFiles */,
			);
			buildRules = (
			);
			dependencies = (
			);
			name = taskManeger;
			productName = taskManeger;
			productReference = 64183BC42A0AF11400F9A3C0 /* taskManeger */;
			productType = "com.apple.product-type.tool";
		};
/* End PBXNativeTarget section */

/* Begin PBXProject section */
		64183BBC2A0AF11400F9A3C0 /* Project object */ = {
			isa = PBXProject;
			attributes = {
				BuildIndependentTargetsInParallel = 1;
				LastSwiftUpdateCheck = 1420;
				LastUpgradeCheck = 1420;
				TargetAttributes = {
					64183BC32A0AF11400F9A3C0 = {
						CreatedOnToolsVersion = 14.2;
					};
				};
			};
			buildConfigurationList = 64183BBF2A0AF11400F9A3C0 /* Build configuration list for PBXProject "taskManeger" */;
			compatibilityVersion = "Xcode 14.0";
			developmentRegion = en;
			hasScannedForEncodings = 0;
			knownRegions = (
				en,
				Base,
			);
			mainGroup = 64183BBB2A0AF11400F9A3C0;
			productRefGroup = 64183BC52A0AF11400F9A3C0 /* Products */;
			projectDirPath = "";
			projectRoot = "";
			targets = (
				64183BC32A0AF11400F9A3C0 /* taskManeger */,
			);
		};
/* End PBXProject section */

/* Begin PBXSourcesBuildPhase section */
		64183BC02A0AF11400F9A3C0 /* Sources */ = {
			isa = PBXSourcesBuildPhase;
			buildActionMask = 2147483647;
			files = (
				64AE550B2A0EF009009D7C09 /* TaskList.swift in Sources */,
				64AE550D2A0EF026009D7C09 /* Interface.swift in Sources */,
				64AE55072A0EEF5C009D7C09 /* Task.swift in Sources */,
				64AE55092A0EEFDF009D7C09 /* BancoDeDados.swift in Sources */,
				64183BC82A0AF11400F9A3C0 /* main.swift in Sources */,
			);
			runOnlyForDeploymentPostprocessing = 0;
		};
/* End PBXSourcesBuildPhase section */

/* Begin XCBuildConfiguration section */
		64183BC92A0AF11400F9A3C0 /* Debug */ = {
			isa = XCBuildConfiguration;
			buildSettings = {
				ALWAYS_SEARCH_USER_PATHS = NO;
				CLANG_ANALYZER_NONNULL = YES;
				CLANG_ANALYZER_NUMBER_OBJECT_CONVERSION = YES_AGGRESSIVE;
				CLANG_CXX_LANGUAGE_STANDARD = "gnu++20";
				CLANG_ENABLE_MODULES = YES;
				CLANG_ENABLE_OBJC_ARC = YES;
				CLANG_ENABLE_OBJC_WEAK = YES;
				CLANG_WARN_BLOCK_CAPTURE_AUTORELEASING = YES;
				CLANG_WARN_BOOL_CONVERSION = YES;
				CLANG_WARN_COMMA = YES;
				CLANG_WARN_CONSTANT_CONVERSION = YES;
				CLANG_WARN_DEPRECATED_OBJC_IMPLEMENTATIONS = YES;
				CLANG_WARN_DIRECT_OBJC_ISA_USAGE = YES_ERROR;
				CLANG_WARN_DOCUMENTATION_COMMENTS = YES;
				CLANG_WARN_EMPTY_BODY = YES;
				CLANG_WARN_ENUM_CONVERSION = YES;
				CLANG_WARN_INFINITE_RECURSION = YES;
				CLANG_WARN_INT_CONVERSION = YES;
				CLANG_WARN_NON_LITERAL_NULL_CONVERSION = YES;
				CLANG_WARN_OBJC_IMPLICIT_RETAIN_SELF = YES;
				CLANG_WARN_OBJC_LITERAL_CONVERSION = YES;
				CLANG_WARN_OBJC_ROOT_CLASS = YES_ERROR;
				CLANG_WARN_QUOTED_INCLUDE_IN_FRAMEWORK_HEADER = YES;
				CLANG_WARN_RANGE_LOOP_ANALYSIS = YES;
				CLANG_WARN_STRICT_PROTOTYPES = YES;
				CLANG_WARN_SUSPICIOUS_MOVE = YES;
				CLANG_WARN_UNGUARDED_AVAILABILITY = YES_AGGRESSIVE;
				CLANG_WARN_UNREACHABLE_CODE = YES;
				CLANG_WARN__DUPLICATE_METHOD_MATCH = YES;
				COPY_PHASE_STRIP = NO;
				DEBUG_INFORMATION_FORMAT = dwarf;
				ENABLE_STRICT_OBJC_MSGSEND = YES;
				ENABLE_TESTABILITY = YES;
				GCC_C_LANGUAGE_STANDARD = gnu11;
				GCC_DYNAMIC_NO_PIC = NO;
				GCC_NO_COMMON_BLOCKS = YES;
				GCC_OPTIMIZATION_LEVEL = 0;
				GCC_PREPROCESSOR_DEFINITIONS = (
					"DEBUG=1",
					"$(inherited)",
				);
				GCC_WARN_64_TO_32_BIT_CONVERSION = YES;
				GCC_WARN_ABOUT_RETURN_TYPE = YES_ERROR;
				GCC_WARN_UNDECLARED_SELECTOR = YES;
				GCC_WARN_UNINITIALIZED_AUTOS = YES_AGGRESSIVE;
				GCC_WARN_UNUSED_FUNCTION = YES;
				GCC_WARN_UNUSED_VARIABLE = YES;
				MACOSX_DEPLOYMENT_TARGET = 13.1;
				MTL_ENABLE_DEBUG_INFO = INCLUDE_SOURCE;
				MTL_FAST_MATH = YES;
				ONLY_ACTIVE_ARCH = YES;
				SDKROOT = macosx;
				SWIFT_ACTIVE_COMPILATION_CONDITIONS = DEBUG;
				SWIFT_OPTIMIZATION_LEVEL = "-Onone";
			};
			name = Debug;
		};
		64183BCA2A0AF11400F9A3C0 /* Release */ = {
			isa = XCBuildConfiguration;
			buildSettings = {
				ALWAYS_SEARCH_USER_PATHS = NO;
				CLANG_ANALYZER_NONNULL = YES;
				CLANG_ANALYZER_NUMBER_OBJECT_CONVERSION = YES_AGGRESSIVE;
				CLANG_CXX_LANGUAGE_STANDARD = "gnu++20";
				CLANG_ENABLE_MODULES = YES;
				CLANG_ENABLE_OBJC_ARC = YES;
				CLANG_ENABLE_OBJC_WEAK = YES;
				CLANG_WARN_BLOCK_CAPTURE_AUTORELEASING = YES;
				CLANG_WARN_BOOL_CONVERSION = YES;
				CLANG_WARN_COMMA = YES;
				CLANG_WARN_CONSTANT_CONVERSION = YES;
				CLANG_WARN_DEPRECATED_OBJC_IMPLEMENTATIONS = YES;
				CLANG_WARN_DIRECT_OBJC_ISA_USAGE = YES_ERROR;
				CLANG_WARN_DOCUMENTATION_COMMENTS = YES;
				CLANG_WARN_EMPTY_BODY = YES;
				CLANG_WARN_ENUM_CONVERSION = YES;
				CLANG_WARN_INFINITE_RECURSION = YES;
				CLANG_WARN_INT_CONVERSION = YES;
				CLANG_WARN_NON_LITERAL_NULL_CONVERSION = YES;
				CLANG_WARN_OBJC_IMPLICIT_RETAIN_SELF = YES;
				CLANG_WARN_OBJC_LITERAL_CONVERSION = YES;
				CLANG_WARN_OBJC_ROOT_CLASS = YES_ERROR;
				CLANG_WARN_QUOTED_INCLUDE_IN_FRAMEWORK_HEADER = YES;
				CLANG_WARN_RANGE_LOOP_ANALYSIS = YES;
				CLANG_WARN_STRICT_PROTOTYPES = YES;
				CLANG_WARN_SUSPICIOUS_MOVE = YES;
				CLANG_WARN_UNGUARDED_AVAILABILITY = YES_AGGRESSIVE;
				CLANG_WARN_UNREACHABLE_CODE = YES;
				CLANG_WARN__DUPLICATE_METHOD_MATCH = YES;
				COPY_PHASE_STRIP = NO;
				DEBUG_INFORMATION_FORMAT = "dwarf-with-dsym";
				ENABLE_NS_ASSERTIONS = NO;
				ENABLE_STRICT_OBJC_MSGSEND = YES;
				GCC_C_LANGUAGE_STANDARD = gnu11;
				GCC_NO_COMMON_BLOCKS = YES;
				GCC_WARN_64_TO_32_BIT_CONVERSION = YES;
				GCC_WARN_ABOUT_RETURN_TYPE = YES_ERROR;
				GCC_WARN_UNDECLARED_SELECTOR = YES;
				GCC_WARN_UNINITIALIZED_AUTOS = YES_AGGRESSIVE;
				GCC_WARN_UNUSED_FUNCTION = YES;
				GCC_WARN_UNUSED_VARIABLE = YES;
				MACOSX_DEPLOYMENT_TARGET = 13.1;
				MTL_ENABLE_DEBUG_INFO = NO;
				MTL_FAST_MATH = YES;
				SDKROOT = macosx;
				SWIFT_COMPILATION_MODE = wholemodule;
				SWIFT_OPTIMIZATION_LEVEL = "-O";
			};
			name = Release;
		};
		64183BCC2A0AF11400F9A3C0 /* Debug */ = {
			isa = XCBuildConfiguration;
			buildSettings = {
				CODE_SIGN_STYLE = Automatic;
				MACOSX_DEPLOYMENT_TARGET = 13.0;
				PRODUCT_NAME = "$(TARGET_NAME)";
				SWIFT_VERSION = 5.0;
			};
			name = Debug;
		};
		64183BCD2A0AF11400F9A3C0 /* Release */ = {
			isa = XCBuildConfiguration;
			buildSettings = {
				CODE_SIGN_STYLE = Automatic;
				MACOSX_DEPLOYMENT_TARGET = 13.0;
				PRODUCT_NAME = "$(TARGET_NAME)";
				SWIFT_VERSION = 5.0;
			};
			name = Release;
		};
/* End XCBuildConfiguration section */

/* Begin XCConfigurationList section */
		64183BBF2A0AF11400F9A3C0 /* Build configuration list for PBXProject "taskManeger" */ = {
			isa = XCConfigurationList;
			buildConfigurations = (
				64183BC92A0AF11400F9A3C0 /* Debug */,
				64183BCA2A0AF11400F9A3C0 /* Release */,
			);
			defaultConfigurationIsVisible = 0;
			defaultConfigurationName = Release;
		};
		64183BCB2A0AF11400F9A3C0 /* Build configuration list for PBXNativeTarget "taskManeger" */ = {
			isa = XCConfigurationList;
			buildConfigurations = (
				64183BCC2A0AF11400F9A3C0 /* Debug */,
				64183BCD2A0AF11400F9A3C0 /* Release */,
			);
			defaultConfigurationIsVisible = 0;
			defaultConfigurationName = Release;
		};
/* End XCConfigurationList section */
	};
	rootObject = 64183BBC2A0AF11400F9A3C0 /* Project object */;
}
